
Microsoft Visual Studio Solution File, Format Version 12.00
# Visual Studio Version 16
VisualStudioVersion = 16.0.30907.101
MinimumVisualStudioVersion = 10.0.40219.1
Project("{FAE04EC0-301F-11D3-BF4B-00C04F79EFBC}") = "Rocky", "Rocky.csproj", "{56116BE0-7B79-4040-B522-425A449400A4}"
EndProject
Global
	GlobalSection(SolutionConfigurationPlatforms) = preSolution
		Debug|Any CPU = Debug|Any CPU
		Release|Any CPU = Release|Any CPU
	EndGlobalSection
	GlobalSection(ProjectConfigurationPlatforms) = postSolution
		{56116BE0-7B79-4040-B522-425A449400A4}.Debug|Any CPU.ActiveCfg = Debug|Any CPU
		{56116BE0-7B79-4040-B522-425A449400A4}.Debug|Any CPU.Build.0 = Debug|Any CPU
		{56116BE0-7B79-4040-B522-425A449400A4}.Release|Any CPU.ActiveCfg = Release|Any CPU
		{56116BE0-7B79-4040-B522-425A449400A4}.Release|Any CPU.Build.0 = Release|Any CPU
	EndGlobalSection
	GlobalSection(SolutionProperties) = preSolution
		HideSolutionNode = FALSE
	EndGlobalSection
	GlobalSection(ExtensibilityGlobals) = postSolution
		SolutionGuid = {CCB400F4-C6A5-4AF0-87E9-94714C0E5FFC}
	EndGlobalSection
EndGlobal
